PODS:
  - AWSCognito (2.4.5):
    - AWSCore (= 2.4.5)
  - AWSCognitoIdentityProvider (2.4.5):
    - AWSCore (= 2.4.5)
  - AWSCore (2.4.5)
  - AWSDynamoDB (2.4.5):
    - AWSCore (= 2.4.5)
  - AWSEC2 (2.4.5):
    - AWSCore (= 2.4.5)
  - AWSLambda (2.4.5):
    - AWSCore (= 2.4.5)
  - AWSMobileAnalytics (2.4.5):
    - AWSCore (= 2.4.5)
  - AWSS3 (2.4.5):
    - AWSCore (= 2.4.5)
  - AWSSES (2.4.5):
    - AWSCore (= 2.4.5)
  - AWSSNS (2.4.5):
    - AWSCore (= 2.4.5)
  - AWSSQS (2.4.5):
    - AWSCore (= 2.4.5)
  - CWStatusBarNotification (2.3.5)
  - FZAccordionTableView (0.2.3)
  - google-plus-ios-sdk (1.7.1)
  - JSQMessagesViewController (7.3.4):
    - JSQSystemSoundPlayer (~> 2.0.1)
  - JSQSystemSoundPlayer (2.0.1)
  - MBCircularProgressBar (0.3.4)
  - PPBlinkID (1.3.0)
  - Segmentio (1.1.3)
  - UICKeyChainStore (2.1.0)

DEPENDENCIES:
  - AWSCognito (= 2.4.5)
  - AWSCognitoIdentityProvider (= 2.4.5)
  - AWSCore (= 2.4.5)
  - AWSDynamoDB (= 2.4.5)
  - AWSEC2 (= 2.4.5)
  - AWSLambda (= 2.4.5)
  - AWSMobileAnalytics (= 2.4.5)
  - AWSS3 (= 2.4.5)
  - AWSSES (= 2.4.5)
  - AWSSNS (= 2.4.5)
  - AWSSQS (= 2.4.5)
  - CWStatusBarNotification (~> 2.3.4)
  - FZAccordionTableView (~> 0.2.3)
  - google-plus-ios-sdk
  - JSQMessagesViewController
  - MBCircularProgressBar
  - PPBlinkID (~> 1.3.0)
  - Segmentio (~> 1.1.1)
  - UICKeyChainStore

SPEC CHECKSUMS:
  AWSCognito: 96e1762404831ffb87f67c87a5ee68fde543bb69
  AWSCognitoIdentityProvider: 3085d7d30b2bead2dc97efe286e02bda1a6a8325
  AWSCore: 2f356385bcea9b81ea47f9be0228c71697d9597d
  AWSDynamoDB: 284308e0f5164aa8178dd06505410390deb44a49
  AWSEC2: 103802d5499bc5e710940beb1e518b198413b919
  AWSLambda: 295ed268e30556aa55b13b01495a1d47593af178
  AWSMobileAnalytics: 8546db78fa7f3ff66099902199fed47c68f148e3
  AWSS3: 8f73b439f12c4aaaea39fbec87f67a1f1e15bd42
  AWSSES: 3f11397d923357c81fdced1bf8028a6f42e31508
  AWSSNS: aaf565330d8f2f7c4f2cb13d2a20bceae8259f2f
  AWSSQS: 8026703bf7cbe8ea1728f95f358f7cb4536e5040
  CWStatusBarNotification: 3d2738b25c3207f60cc50201388d3c96182545ff
  FZAccordionTableView: e64f49c71c32d750feda14025b088bcd25d1a71f
  google-plus-ios-sdk: 47adbe03ea904bdb7aa1c0eca282a23c4686e1bc
  JSQMessagesViewController: 39fed975e3c9f8eba7292071e29eeb541d105e66
  JSQSystemSoundPlayer: c5850e77a4363ffd374cd851154b9af93264ed8d
  MBCircularProgressBar: ff3b8e2f441214d9ee122a24ba0d4d00cc7de881
  PPBlinkID: b8c3a1e2d00c2732190e47407d51e17fd86f9708
  Segmentio: dfc66afe867c746147f3f958f8e8c760b71c1165
  UICKeyChainStore: f1cbd42216a113f0165de1e733e62905b8823432

COCOAPODS: 0.39.0
